{
  "nodes": {
    "darwin": {
      "inputs": {
        "nixpkgs": [
          "nixpkgs"
        ]
      },
      "locked": {
        "lastModified": 1726742753,
        "narHash": "sha256-QclpWrIFIg/yvWRiOUaMp1WR+TGUE9tb7RE31xHlxWc=",
        "owner": "lnl7",
        "repo": "nix-darwin",
        "rev": "c03f85fa42d68d1056ca1740f3113b04f3addff2",
        "type": "github"
      },
      "original": {
        "owner": "lnl7",
        "repo": "nix-darwin",
        "type": "github"
      }
    },
    "home-manager": {
      "inputs": {
        "nixpkgs": [
          "nixpkgs"
        ]
      },
      "locked": {
        "lastModified": 1726785354,
        "narHash": "sha256-SLorVhoorZwjM1aS04bBX4fufEXIfkMdAGkj9bu2QAQ=",
        "owner": "nix-community",
        "repo": "home-manager",
        "rev": "1786e2afdbc48e9038f7cff585069736e1d0ed44",
        "type": "github"
      },
      "original": {
        "owner": "nix-community",
        "ref": "master",
        "repo": "home-manager",
        "type": "github"
      }
    },
    "nixpkgs": {
      "locked": {
        "lastModified": 1726583932,
        "narHash": "sha256-zACxiQx8knB3F8+Ze+1BpiYrI+CbhxyWpcSID9kVhkQ=",
        "owner": "nixos",
        "repo": "nixpkgs",
        "rev": "658e7223191d2598641d50ee4e898126768fe847",
        "type": "github"
      },
      "original": {
        "owner": "nixos",
        "ref": "nixpkgs-unstable",
        "repo": "nixpkgs",
        "type": "github"
      }
    },
    "root": {
      "inputs": {
        "darwin": "darwin",
        "home-manager": "home-manager",
        "nixpkgs": "nixpkgs",
        "ts-rescript": "ts-rescript"
      }
    },
    "ts-rescript": {
      "flake": false,
      "locked": {
        "lastModified": 1722219617,
        "narHash": "sha256-md3fgW+h99va2Rwxzub7nrsEe64fC52g6NPCaXGAaxg=",
        "owner": "nkrkv",
        "repo": "tree-sitter-rescript",
        "rev": "4606cd81c4c31d1d02390fee530858323410a74c",
        "type": "github"
      },
      "original": {
        "owner": "nkrkv",
        "repo": "tree-sitter-rescript",
        "type": "github"
      }
    }
  },
  "root": "root",
  "version": 7
}
